<?xml version="1.0" encoding="utf-8"?>
<Project ToolsVersion="17.0" xmlns="http://schemas.microsoft.com/developer/msbuild/2003">
  <ItemGroup>
    <CustomBuild Include="C:\Users\Angelo Nutu\OneDrive\Desktop\Driverless_Projects\recruiting-sw-driverless\TelemetryProject\CMakeFiles\1c589e366f150dd69a70fc0312997082\generate.stamp.rule">
      <Filter>CMake Rules</Filter>
    </CustomBuild>
  </ItemGroup>
  <ItemGroup>
    <Filter Include="CMake Rules">
      <UniqueIdentifier>{A296A555-3335-3420-9EA3-5AB71049A03E}</UniqueIdentifier>
    </Filter>
  </ItemGroup>
</Project>
